lockfileVersion: '9.0'

settings:
  autoInstallPeers: true
  excludeLinksFromLockfile: false

importers:

  .:
    dependencies:
      aws-cdk:
        specifier: 2.1142.0
        version: 2.1142.0

packages:

  aws-cdk@2.1142.0:
    resolution: {integrity: sha512-gNOeii+avTJmOwfR8tVgraZ5A2EBC/529EXg7e+yBp8Zl608dAv5CtFRoJt8QoKiruiCwYr4HF6ClNAse/NkSg==}
    engines: {node: '>= 18.0.0'}
    hasBin: true

snapshots:

  aws-cdk@2.1142.0: {}
