# @generated - this file is auto-generated by `mise lock` https://mise.jdx.dev/dev-tools/mise-lock.html

lockfile_version = 3

[[tools.actionlint]]
version = "1.7.12"
backend = "aqua:rhysd/actionlint"
specifiers = ["latest"]

[tools.actionlint."platforms.linux-x64"]
checksum = "sha256:8aca8db96f1b94770f1b0d72b6dddcb1ebb8123cb3712530b08cc387b349a3d8"
url = "https://github.com/rhysd/actionlint/releases/download/v1.7.12/actionlint_1.7.12_linux_amd64.tar.gz"
url_api = "https://api.github.com/repos/rhysd/actionlint/releases/assets/384924896"
provenance = "github-attestations"

[tools.actionlint."platforms.windows-x64"]
checksum = "sha256:6e7241b51e6817ea6a047693d8e6fed13b31819c9a0dd6c5a726e1592d22f6e9"
url = "https://github.com/rhysd/actionlint/releases/download/v1.7.12/actionlint_1.7.12_windows_amd64.zip"
url_api = "https://api.github.com/repos/rhysd/actionlint/releases/assets/384924919"
provenance = "github-attestations"

[[tools."github:lycheeverse/lychee"]]
version = "lychee-v0.24.2"
backend = "github:lycheeverse/lychee"
specifiers = ["latest"]

[tools."github:lycheeverse/lychee"."platforms.windows-x64"]
checksum = "sha256:32975d1493ee1a975d6bb41e4fb56fe419cb442ded628bb772ba2e614acfacad"
url = "https://github.com/lycheeverse/lychee/releases/download/lychee-v0.24.2/lychee-x86_64-pc-windows-msvc.zip"
url_api = "https://api.github.com/repos/lycheeverse/lychee/releases/assets/409959491"

[[tools."github:lycheeverse/lychee"]]
version = "lychee-v0.24.2"
backend = "github:lycheeverse/lychee"
specifiers = ["latest"]

[tools."github:lycheeverse/lychee".options]
asset_pattern = "lychee-x86_64-unknown-linux-musl.tar.gz"

[tools."github:lycheeverse/lychee"."platforms.linux-x64"]
checksum = "sha256:73657a111819a30c47c08352896796f23d64e4eb2b3ed39b6d32149241566fc5"
url = "https://github.com/lycheeverse/lychee/releases/download/lychee-v0.24.2/lychee-x86_64-unknown-linux-musl.tar.gz"
url_api = "https://api.github.com/repos/lycheeverse/lychee/releases/assets/409959271"

[[tools.pinact]]
version = "5.0.0"
backend = "aqua:suzuki-shunsuke/pinact"
specifiers = ["latest"]

[tools.pinact."platforms.linux-x64"]
checksum = "sha256:d005bbb85da80dacdc07816f24a5da723a9f6d1e9f3d3e7e73df33f9caa1358f"
url = "https://github.com/suzuki-shunsuke/pinact/releases/download/v5.0.0/pinact_linux_amd64.tar.gz"
url_api = "https://api.github.com/repos/suzuki-shunsuke/pinact/releases/assets/558638065"
provenance = "github-attestations"

[tools.pinact."platforms.windows-x64"]
checksum = "sha256:df2f590f24c2bfe65a35010bffb4369ba0792c9afaf7fb324b2330895a37d19f"
url = "https://github.com/suzuki-shunsuke/pinact/releases/download/v5.0.0/pinact_windows_amd64.zip"
url_api = "https://api.github.com/repos/suzuki-shunsuke/pinact/releases/assets/558638100"
provenance = "github-attestations"

[[tools.prek]]
version = "0.5.4"
backend = "aqua:j178/prek"
specifiers = ["latest"]

[tools.prek."platforms.linux-x64"]
checksum = "sha256:6147dfe64051af590f4bfc2c073a0780fb5e2cc37d9eab8e47fe9fe26c7dfb80"
url = "https://github.com/j178/prek/releases/download/v0.5.4/prek-x86_64-unknown-linux-gnu.tar.gz"
url_api = "https://api.github.com/repos/j178/prek/releases/assets/594534988"
provenance = "github-attestations"

[tools.prek."platforms.windows-x64"]
checksum = "sha256:244bc3eeade60a0ee586dfe9f5c90bd1c1d790514009aad2c7055dcb731a3e50"
url = "https://github.com/j178/prek/releases/download/v0.5.4/prek-x86_64-pc-windows-msvc.zip"
url_api = "https://api.github.com/repos/j178/prek/releases/assets/594534981"
provenance = "github-attestations"

[[tools.rust]]
version = "1.98.1"
backend = "core:rust"
specifiers = ["1.98.1"]

[tools.rust.options]
components = "clippy,rustfmt"

[[tools.typos]]
version = "1.50.3"
backend = "aqua:crate-ci/typos"
specifiers = ["latest"]

[tools.typos."platforms.linux-x64"]
checksum = "sha256:aca6b5d546307092b8d0a8e0a89dd80f9da51f2f7617c5e45c5607c1684ffbf2"
url = "https://github.com/crate-ci/typos/releases/download/v1.50.3/typos-v1.50.3-x86_64-unknown-linux-musl.tar.gz"
url_api = "https://api.github.com/repos/crate-ci/typos/releases/assets/589000924"

[tools.typos."platforms.windows-x64"]
checksum = "sha256:b59f149d84e86aab535d52db029fa8d3ac5ecba9ae5c7f19cf07acb5aa0caaaf"
url = "https://github.com/crate-ci/typos/releases/download/v1.50.3/typos-v1.50.3-x86_64-pc-windows-msvc.zip"
url_api = "https://api.github.com/repos/crate-ci/typos/releases/assets/589001623"
