lockfileVersion: '9.0'

settings:
  autoInstallPeers: true
  excludeLinksFromLockfile: false

importers:

  .:
    dependencies:
      aws-cdk:
        specifier: 2.1144.0
        version: 2.1144.0

packages:

  aws-cdk@2.1144.0:
    resolution: {integrity: sha512-T3Kkke7c/vlGzrovtgxtb83u0ihF/Lq9z/R0hvOk+ncUZ734zrbG+0IWO/xZLd5tTQphwAO7OYufarg/wl5ZFA==}
    engines: {node: '>= 18.0.0'}
    hasBin: true

snapshots:

  aws-cdk@2.1144.0: {}
