lockfileVersion: '9.0'

settings:
  autoInstallPeers: true
  excludeLinksFromLockfile: false

importers:

  .:
    dependencies:
      aws-cdk:
        specifier: 2.1143.0
        version: 2.1143.0

packages:

  aws-cdk@2.1143.0:
    resolution: {integrity: sha512-bTbgEmNuN6UMDAyhGFWOAnriafSu7j0cAjaFKRw1/WEs6RE5g062D2v2+YE8Dw6qw7RgNGQPH5Nv47TsK5kZSQ==}
    engines: {node: '>= 18.0.0'}
    hasBin: true

snapshots:

  aws-cdk@2.1143.0: {}
